
Microsoft Visual Studio Solution File, Format Version 12.00
# Visual Studio Version 16
VisualStudioVersion = 16.0.28803.202
MinimumVisualStudioVersion = 10.0.40219.1
Project("{FAE04EC0-301F-11D3-BF4B-00C04F79EFBC}") = "JsonBind", "JsonBind\JsonBind.csproj", "{E2133F65-4B15-45F4-A25E-0E6D36636A87}"
EndProject
Global
	GlobalSection(SolutionConfigurationPlatforms) = preSolution
		Debug|Any CPU = Debug|Any CPU
		Release|Any CPU = Release|Any CPU
	EndGlobalSection
	GlobalSection(ProjectConfigurationPlatforms) = postSolution
		{E2133F65-4B15-45F4-A25E-0E6D36636A87}.Debug|Any CPU.ActiveCfg = Debug|Any CPU
		{E2133F65-4B15-45F4-A25E-0E6D36636A87}.Debug|Any CPU.Build.0 = Debug|Any CPU
		{E2133F65-4B15-45F4-A25E-0E6D36636A87}.Release|Any CPU.ActiveCfg = Release|Any CPU
		{E2133F65-4B15-45F4-A25E-0E6D36636A87}.Release|Any CPU.Build.0 = Release|Any CPU
	EndGlobalSection
	GlobalSection(SolutionProperties) = preSolution
		HideSolutionNode = FALSE
	EndGlobalSection
	GlobalSection(ExtensibilityGlobals) = postSolution
		SolutionGuid = {EB05C5A7-9C11-4EB4-A867-DA1742C298D3}
	EndGlobalSection
EndGlobal
